
Microsoft Visual Studio Solution File, Format Version 12.00
# Visual Studio 15
VisualStudioVersion = 15.0.28307.1267
MinimumVisualStudioVersion = 10.0.40219.1
Project("{FAE04EC0-301F-11D3-BF4B-00C04F79EFBC}") = "ClientRest_20180140044_FakhrizarRifqiFuad", "ClientRest_20180140044_FakhrizarRifqiFuad.csproj", "{58F9660A-F2B3-40D3-96FA-BF1C98F052BE}"
EndProject
Global
	GlobalSection(SolutionConfigurationPlatforms) = preSolution
		Debug|Any CPU = Debug|Any CPU
		Release|Any CPU = Release|Any CPU
	EndGlobalSection
	GlobalSection(ProjectConfigurationPlatforms) = postSolution
		{58F9660A-F2B3-40D3-96FA-BF1C98F052BE}.Debug|Any CPU.ActiveCfg = Debug|Any CPU
		{58F9660A-F2B3-40D3-96FA-BF1C98F052BE}.Debug|Any CPU.Build.0 = Debug|Any CPU
		{58F9660A-F2B3-40D3-96FA-BF1C98F052BE}.Release|Any CPU.ActiveCfg = Release|Any CPU
		{58F9660A-F2B3-40D3-96FA-BF1C98F052BE}.Release|Any CPU.Build.0 = Release|Any CPU
	EndGlobalSection
	GlobalSection(SolutionProperties) = preSolution
		HideSolutionNode = FALSE
	EndGlobalSection
	GlobalSection(ExtensibilityGlobals) = postSolution
		SolutionGuid = {A8380E9A-467B-4113-B9E0-AAC5DF735E4C}
	EndGlobalSection
EndGlobal
